
Microsoft Visual Studio Solution File, Format Version 12.00
# Visual Studio Version 16
VisualStudioVersion = 16.0.29519.87
MinimumVisualStudioVersion = 10.0.40219.1
Project("{FAE04EC0-301F-11D3-BF4B-00C04F79EFBC}") = "Maze.Tests", "Maze.Tests\Maze.Tests.csproj", "{6CE7773F-DFB7-4595-9780-40D9092DCC55}"
EndProject
Project("{2150E333-8FDC-42A3-9474-1A3956D46DE8}") = "Solution Items", "Solution Items", "{BB137D8A-FFBC-4A82-B83D-7AEB78E5FFC2}"
	ProjectSection(SolutionItems) = preProject
		ExampleMaze.txt = ExampleMaze.txt
		README = README
	EndProjectSection
EndProject
Project("{FAE04EC0-301F-11D3-BF4B-00C04F79EFBC}") = "Maze.Common", "Bp.Maze\Maze.Common.csproj", "{FB8859CE-1D00-4535-A8E3-C04B56B87715}"
EndProject
Global
	GlobalSection(SolutionConfigurationPlatforms) = preSolution
		Debug|Any CPU = Debug|Any CPU
		Release|Any CPU = Release|Any CPU
	EndGlobalSection
	GlobalSection(ProjectConfigurationPlatforms) = postSolution
		{6CE7773F-DFB7-4595-9780-40D9092DCC55}.Debug|Any CPU.ActiveCfg = Debug|Any CPU
		{6CE7773F-DFB7-4595-9780-40D9092DCC55}.Debug|Any CPU.Build.0 = Debug|Any CPU
		{6CE7773F-DFB7-4595-9780-40D9092DCC55}.Release|Any CPU.ActiveCfg = Release|Any CPU
		{6CE7773F-DFB7-4595-9780-40D9092DCC55}.Release|Any CPU.Build.0 = Release|Any CPU
		{FB8859CE-1D00-4535-A8E3-C04B56B87715}.Debug|Any CPU.ActiveCfg = Debug|Any CPU
		{FB8859CE-1D00-4535-A8E3-C04B56B87715}.Debug|Any CPU.Build.0 = Debug|Any CPU
		{FB8859CE-1D00-4535-A8E3-C04B56B87715}.Release|Any CPU.ActiveCfg = Release|Any CPU
		{FB8859CE-1D00-4535-A8E3-C04B56B87715}.Release|Any CPU.Build.0 = Release|Any CPU
	EndGlobalSection
	GlobalSection(SolutionProperties) = preSolution
		HideSolutionNode = FALSE
	EndGlobalSection
	GlobalSection(ExtensibilityGlobals) = postSolution
		SolutionGuid = {EFC0BC4B-B055-424C-A2B8-339EB2AADDE5}
	EndGlobalSection
EndGlobal
